{
  "requires": true,
  "lockfileVersion": 1,
  "dependencies": {
    "@tarekraafat/autocomplete.js": {
      "version": "10.1.5",
      "resolved": "https://registry.npmjs.org/@tarekraafat/autocomplete.js/-/autocomplete.js-10.1.5.tgz",
      "integrity": "sha512-GXkEQfDnMqQR0L5o10ZduDkvQGdCyPIfajvrRul95WtvXE0pU4zsyfRwRNAyfsW6+Mzc5hC4eHYw6drfJ6FUzw=="
    }
  }
}
